
Microsoft Visual Studio Solution File, Format Version 12.00
# Visual Studio Version 17
VisualStudioVersion = 17.11.35208.52
MinimumVisualStudioVersion = 10.0.40219.1
Project("{FAE04EC0-301F-11D3-BF4B-00C04F79EFBC}") = "Nasa", "Nasa\Nasa.csproj", "{50F2D57B-DE4B-4861-AC36-30E6C8813445}"
EndProject
Global
	GlobalSection(SolutionConfigurationPlatforms) = preSolution
		Debug|Any CPU = Debug|Any CPU
		Release|Any CPU = Release|Any CPU
	EndGlobalSection
	GlobalSection(ProjectConfigurationPlatforms) = postSolution
		{50F2D57B-DE4B-4861-AC36-30E6C8813445}.Debug|Any CPU.ActiveCfg = Debug|Any CPU
		{50F2D57B-DE4B-4861-AC36-30E6C8813445}.Debug|Any CPU.Build.0 = Debug|Any CPU
		{50F2D57B-DE4B-4861-AC36-30E6C8813445}.Release|Any CPU.ActiveCfg = Release|Any CPU
		{50F2D57B-DE4B-4861-AC36-30E6C8813445}.Release|Any CPU.Build.0 = Release|Any CPU
	EndGlobalSection
	GlobalSection(SolutionProperties) = preSolution
		HideSolutionNode = FALSE
	EndGlobalSection
	GlobalSection(ExtensibilityGlobals) = postSolution
		SolutionGuid = {77C248B6-8BB2-4EE9-A8C5-E6077397DA35}
	EndGlobalSection
EndGlobal
